{
  "object": {
    "pins": [
      {
        "package": "GoogleAppMeasurement",
        "repositoryURL": "https://github.com/google/GoogleAppMeasurement.git",
        "state": {
          "branch": null,
          "revision": "9b2f6aca5b4685c45f9f5481f19bee8e7982c538",
          "version": "8.9.1"
        }
      },
      {
        "package": "GoogleUserMessagingPlatform-SPM",
        "repositoryURL": "https://github.com/Koze/GoogleUserMessagingPlatform-SPM.git",
        "state": {
          "branch": null,
          "revision": "b7f2f97e160d957d6981993397ede9637c2588f3",
          "version": "2.0.0"
        }
      },
      {
        "package": "GoogleUtilities",
        "repositoryURL": "https://github.com/google/GoogleUtilities.git",
        "state": {
          "branch": null,
          "revision": "797005ad8a1f0614063933e2fa010a5d13cb09d0",
          "version": "7.6.0"
        }
      },
      {
        "package": "nanopb",
        "repositoryURL": "https://github.com/firebase/nanopb.git",
        "state": {
          "branch": null,
          "revision": "7ee9ef9f627d85cbe1b8c4f49a3ed26eed216c77",
          "version": "2.30908.0"
        }
      },
      {
        "package": "Promises",
        "repositoryURL": "https://github.com/google/promises.git",
        "state": {
          "branch": null,
          "revision": "611337c330350c9c1823ad6d671e7f936af5ee13",
          "version": "2.0.0"
        }
      }
    ]
  },
  "version": 1
}
